// !$*UTF8*$!
{
	archiveVersion = 1;
	classes = {
	};
	objectVersion = 56;
	objects = {

/* Begin PBXBuildFile section */
		54C3E0452AA5C6F300AEB64F /* BookDB.swift in Sources */ = {isa = PBXBuildFile; fileRef = 54C3E0442AA5C6F300AEB64F /* BookDB.swift */; };
		54C3E0482AA5C78000AEB64F /* BookModel.xcdatamodeld in Sources */ = {isa = PBXBuildFile; fileRef = 54C3E0462AA5C78000AEB64F /* BookModel.xcdatamodeld */; };
		54C3E04A2AA6F8DD00AEB64F /* CustomPhotoPicker.swift in Sources */ = {isa = PBXBuildFile; fileRef = 54C3E0492AA6F8DD00AEB64F /* CustomPhotoPicker.swift */; };
		54C3E04C2AA7256F00AEB64F /* KeyboardDismissEffect.swift in Sources */ = {isa = PBXBuildFile; fileRef = 54C3E04B2AA7256F00AEB64F /* KeyboardDismissEffect.swift */; };
		54C3E04E2AA7394800AEB64F /* UserData.swift in Sources */ = {isa = PBXBuildFile; fileRef = 54C3E04D2AA7394800AEB64F /* UserData.swift */; };
		54C3E0512AA855D500AEB64F /* LoginResponse.swift in Sources */ = {isa = PBXBuildFile; fileRef = 54C3E0502AA855D500AEB64F /* LoginResponse.swift */; };
		54C3E0532AA878A700AEB64F /* Notification.swift in Sources */ = {isa = PBXBuildFile; fileRef = 54C3E0522AA878A700AEB64F /* Notification.swift */; };
		54C3E0552AA878FE00AEB64F /* NotificationView.swift in Sources */ = {isa = PBXBuildFile; fileRef = 54C3E0542AA878FE00AEB64F /* NotificationView.swift */; };
		54C3E0582AAAF98000AEB64F /* ImageHelper.swift in Sources */ = {isa = PBXBuildFile; fileRef = 54C3E0572AAAF98000AEB64F /* ImageHelper.swift */; };
		54FCF8D62A9C49F0004CD2FE /* BookstoreApp.swift in Sources */ = {isa = PBXBuildFile; fileRef = 54FCF8D52A9C49F0004CD2FE /* BookstoreApp.swift */; };
		54FCF8D82A9C49F0004CD2FE /* LoginView.swift in Sources */ = {isa = PBXBuildFile; fileRef = 54FCF8D72A9C49F0004CD2FE /* LoginView.swift */; };
		54FCF8DA2A9C49F1004CD2FE /* Assets.xcassets in Resources */ = {isa = PBXBuildFile; fileRef = 54FCF8D92A9C49F1004CD2FE /* Assets.xcassets */; };
		54FCF8DD2A9C49F1004CD2FE /* Preview Assets.xcassets in Resources */ = {isa = PBXBuildFile; fileRef = 54FCF8DC2A9C49F1004CD2FE /* Preview Assets.xcassets */; };
		54FCF8E72A9C49F1004CD2FE /* BookstoreTests.swift in Sources */ = {isa = PBXBuildFile; fileRef = 54FCF8E62A9C49F1004CD2FE /* BookstoreTests.swift */; };
		54FCF8F12A9C49F1004CD2FE /* BookstoreUITests.swift in Sources */ = {isa = PBXBuildFile; fileRef = 54FCF8F02A9C49F1004CD2FE /* BookstoreUITests.swift */; };
		54FCF8F32A9C49F1004CD2FE /* BookstoreUITestsLaunchTests.swift in Sources */ = {isa = PBXBuildFile; fileRef = 54FCF8F22A9C49F1004CD2FE /* BookstoreUITestsLaunchTests.swift */; };
		54FCF9012A9C5352004CD2FE /* LoginViewModel.swift in Sources */ = {isa = PBXBuildFile; fileRef = 54FCF9002A9C5352004CD2FE /* LoginViewModel.swift */; };
		54FCF9042A9C74A1004CD2FE /* BooklistView.swift in Sources */ = {isa = PBXBuildFile; fileRef = 54FCF9032A9C74A1004CD2FE /* BooklistView.swift */; };
		54FCF9062A9C76CB004CD2FE /* HomeView.swift in Sources */ = {isa = PBXBuildFile; fileRef = 54FCF9052A9C76CB004CD2FE /* HomeView.swift */; };
		54FCF9082A9C83D3004CD2FE /* UserStateViewModel.swift in Sources */ = {isa = PBXBuildFile; fileRef = 54FCF9072A9C83D3004CD2FE /* UserStateViewModel.swift */; };
		54FCF90A2A9C8FB1004CD2FE /* BookInfoView.swift in Sources */ = {isa = PBXBuildFile; fileRef = 54FCF9092A9C8FB1004CD2FE /* BookInfoView.swift */; };
		54FCF90D2A9C904E004CD2FE /* Book.swift in Sources */ = {isa = PBXBuildFile; fileRef = 54FCF90C2A9C904E004CD2FE /* Book.swift */; };
		54FCF90F2A9DD532004CD2FE /* BookInfoViewModel.swift in Sources */ = {isa = PBXBuildFile; fileRef = 54FCF90E2A9DD532004CD2FE /* BookInfoViewModel.swift */; };
		54FCF9122A9DD568004CD2FE /* BookRepository.swift in Sources */ = {isa = PBXBuildFile; fileRef = 54FCF9112A9DD568004CD2FE /* BookRepository.swift */; };
		54FCF9152A9DD5D3004CD2FE /* IBookRepository.swift in Sources */ = {isa = PBXBuildFile; fileRef = 54FCF9142A9DD5D3004CD2FE /* IBookRepository.swift */; };
		54FCF9172A9DDEC7004CD2FE /* DependencyContainer.swift in Sources */ = {isa = PBXBuildFile; fileRef = 54FCF9162A9DDEC7004CD2FE /* DependencyContainer.swift */; };
		54FCF9192A9E1906004CD2FE /* BooklistViewModel.swift in Sources */ = {isa = PBXBuildFile; fileRef = 54FCF9182A9E1906004CD2FE /* BooklistViewModel.swift */; };
		54FCF91B2AA580BC004CD2FE /* CameraView.swift in Sources */ = {isa = PBXBuildFile; fileRef = 54FCF91A2AA580BC004CD2FE /* CameraView.swift */; };
		54FCF91E2AA5846B004CD2FE /* Camera.swift in Sources */ = {isa = PBXBuildFile; fileRef = 54FCF91D2AA5846B004CD2FE /* Camera.swift */; };
		54FCF9212AA5B27D004CD2FE /* KeybaordExtension.swift in Sources */ = {isa = PBXBuildFile; fileRef = 54FCF9202AA5B27D004CD2FE /* KeybaordExtension.swift */; };
		54FCF9242AA5BAC4004CD2FE /* KeyboardAdaptiveView.swift in Sources */ = {isa = PBXBuildFile; fileRef = 54FCF9232AA5BAC4004CD2FE /* KeyboardAdaptiveView.swift */; };
/* End PBXBuildFile section */

/* Begin PBXContainerItemProxy section */
		54FCF8E32A9C49F1004CD2FE /* PBXContainerItemProxy */ = {
			isa = PBXContainerItemProxy;
			containerPortal = 54FCF8CA2A9C49F0004CD2FE /* Project object */;
			proxyType = 1;
			remoteGlobalIDString = 54FCF8D12A9C49F0004CD2FE;
			remoteInfo = Bookstore;
		};
		54FCF8ED2A9C49F1004CD2FE /* PBXContainerItemProxy */ = {
			isa = PBXContainerItemProxy;
			containerPortal = 54FCF8CA2A9C49F0004CD2FE /* Project object */;
			proxyType = 1;
			remoteGlobalIDString = 54FCF8D12A9C49F0004CD2FE;
			remoteInfo = Bookstore;
		};
/* End PBXContainerItemProxy section */

/* Begin PBXFileReference section */
		54C3E0442AA5C6F300AEB64F /* BookDB.swift */ = {isa = PBXFileReference; lastKnownFileType = sourcecode.swift; path = BookDB.swift; sourceTree = "<group>"; };
		54C3E0472AA5C78000AEB64F /* BookModel.xcdatamodel */ = {isa = PBXFileReference; lastKnownFileType = wrapper.xcdatamodel; path = BookModel.xcdatamodel; sourceTree = "<group>"; };
		54C3E0492AA6F8DD00AEB64F /* CustomPhotoPicker.swift */ = {isa = PBXFileReference; lastKnownFileType = sourcecode.swift; path = CustomPhotoPicker.swift; sourceTree = "<group>"; };
		54C3E04B2AA7256F00AEB64F /* KeyboardDismissEffect.swift */ = {isa = PBXFileReference; lastKnownFileType = sourcecode.swift; path = KeyboardDismissEffect.swift; sourceTree = "<group>"; };
		54C3E04D2AA7394800AEB64F /* UserData.swift */ = {isa = PBXFileReference; lastKnownFileType = sourcecode.swift; path = UserData.swift; sourceTree = "<group>"; };
		54C3E0502AA855D500AEB64F /* LoginResponse.swift */ = {isa = PBXFileReference; lastKnownFileType = sourcecode.swift; path = LoginResponse.swift; sourceTree = "<group>"; };
		54C3E0522AA878A700AEB64F /* Notification.swift */ = {isa = PBXFileReference; lastKnownFileType = sourcecode.swift; path = Notification.swift; sourceTree = "<group>"; };
		54C3E0542AA878FE00AEB64F /* NotificationView.swift */ = {isa = PBXFileReference; lastKnownFileType = sourcecode.swift; path = NotificationView.swift; sourceTree = "<group>"; };
		54C3E0572AAAF98000AEB64F /* ImageHelper.swift */ = {isa = PBXFileReference; lastKnownFileType = sourcecode.swift; path = ImageHelper.swift; sourceTree = "<group>"; };
		54FCF8D22A9C49F0004CD2FE /* Bookstore.app */ = {isa = PBXFileReference; explicitFileType = wrapper.application; includeInIndex = 0; path = Bookstore.app; sourceTree = BUILT_PRODUCTS_DIR; };
		54FCF8D52A9C49F0004CD2FE /* BookstoreApp.swift */ = {isa = PBXFileReference; lastKnownFileType = sourcecode.swift; path = BookstoreApp.swift; sourceTree = "<group>"; };
		54FCF8D72A9C49F0004CD2FE /* LoginView.swift */ = {isa = PBXFileReference; lastKnownFileType = sourcecode.swift; path = LoginView.swift; sourceTree = "<group>"; };
		54FCF8D92A9C49F1004CD2FE /* Assets.xcassets */ = {isa = PBXFileReference; lastKnownFileType = folder.assetcatalog; path = Assets.xcassets; sourceTree = "<group>"; };
		54FCF8DC2A9C49F1004CD2FE /* Preview Assets.xcassets */ = {isa = PBXFileReference; lastKnownFileType = folder.assetcatalog; path = "Preview Assets.xcassets"; sourceTree = "<group>"; };
		54FCF8E22A9C49F1004CD2FE /* BookstoreTests.xctest */ = {isa = PBXFileReference; explicitFileType = wrapper.cfbundle; includeInIndex = 0; path = BookstoreTests.xctest; sourceTree = BUILT_PRODUCTS_DIR; };
		54FCF8E62A9C49F1004CD2FE /* BookstoreTests.swift */ = {isa = PBXFileReference; lastKnownFileType = sourcecode.swift; path = BookstoreTests.swift; sourceTree = "<group>"; };
		54FCF8EC2A9C49F1004CD2FE /* BookstoreUITests.xctest */ = {isa = PBXFileReference; explicitFileType = wrapper.cfbundle; includeInIndex = 0; path = BookstoreUITests.xctest; sourceTree = BUILT_PRODUCTS_DIR; };
		54FCF8F02A9C49F1004CD2FE /* BookstoreUITests.swift */ = {isa = PBXFileReference; lastKnownFileType = sourcecode.swift; path = BookstoreUITests.swift; sourceTree = "<group>"; };
		54FCF8F22A9C49F1004CD2FE /* BookstoreUITestsLaunchTests.swift */ = {isa = PBXFileReference; lastKnownFileType = sourcecode.swift; path = BookstoreUITestsLaunchTests.swift; sourceTree = "<group>"; };
		54FCF9002A9C5352004CD2FE /* LoginViewModel.swift */ = {isa = PBXFileReference; lastKnownFileType = sourcecode.swift; path = LoginViewModel.swift; sourceTree = "<group>"; };
		54FCF9032A9C74A1004CD2FE /* BooklistView.swift */ = {isa = PBXFileReference; lastKnownFileType = sourcecode.swift; path = BooklistView.swift; sourceTree = "<group>"; };
		54FCF9052A9C76CB004CD2FE /* HomeView.swift */ = {isa = PBXFileReference; lastKnownFileType = sourcecode.swift; path = HomeView.swift; sourceTree = "<group>"; };
		54FCF9072A9C83D3004CD2FE /* UserStateViewModel.swift */ = {isa = PBXFileReference; lastKnownFileType = sourcecode.swift; path = UserStateViewModel.swift; sourceTree = "<group>"; };
		54FCF9092A9C8FB1004CD2FE /* BookInfoView.swift */ = {isa = PBXFileReference; lastKnownFileType = sourcecode.swift; path = BookInfoView.swift; sourceTree = "<group>"; };
		54FCF90C2A9C904E004CD2FE /* Book.swift */ = {isa = PBXFileReference; lastKnownFileType = sourcecode.swift; path = Book.swift; sourceTree = "<group>"; };
		54FCF90E2A9DD532004CD2FE /* BookInfoViewModel.swift */ = {isa = PBXFileReference; lastKnownFileType = sourcecode.swift; path = BookInfoViewModel.swift; sourceTree = "<group>"; };
		54FCF9112A9DD568004CD2FE /* BookRepository.swift */ = {isa = PBXFileReference; lastKnownFileType = sourcecode.swift; path = BookRepository.swift; sourceTree = "<group>"; };
		54FCF9142A9DD5D3004CD2FE /* IBookRepository.swift */ = {isa = PBXFileReference; lastKnownFileType = sourcecode.swift; path = IBookRepository.swift; sourceTree = "<group>"; };
		54FCF9162A9DDEC7004CD2FE /* DependencyContainer.swift */ = {isa = PBXFileReference; lastKnownFileType = sourcecode.swift; path = DependencyContainer.swift; sourceTree = "<group>"; };
		54FCF9182A9E1906004CD2FE /* BooklistViewModel.swift */ = {isa = PBXFileReference; lastKnownFileType = sourcecode.swift; path = BooklistViewModel.swift; sourceTree = "<group>"; };
		54FCF91A2AA580BC004CD2FE /* CameraView.swift */ = {isa = PBXFileReference; lastKnownFileType = sourcecode.swift; path = CameraView.swift; sourceTree = "<group>"; };
		54FCF91D2AA5846B004CD2FE /* Camera.swift */ = {isa = PBXFileReference; lastKnownFileType = sourcecode.swift; path = Camera.swift; sourceTree = "<group>"; };
		54FCF9202AA5B27D004CD2FE /* KeybaordExtension.swift */ = {isa = PBXFileReference; lastKnownFileType = sourcecode.swift; path = KeybaordExtension.swift; sourceTree = "<group>"; };
		54FCF9232AA5BAC4004CD2FE /* KeyboardAdaptiveView.swift */ = {isa = PBXFileReference; lastKnownFileType = sourcecode.swift; path = KeyboardAdaptiveView.swift; sourceTree = "<group>"; };
/* End PBXFileReference section */

/* Begin PBXFrameworksBuildPhase section */
		54FCF8CF2A9C49F0004CD2FE /* Frameworks */ = {
			isa = PBXFrameworksBuildPhase;
			buildActionMask = 2147483647;
			files = (
			);
			runOnlyForDeploymentPostprocessing = 0;
		};
		54FCF8DF2A9C49F1004CD2FE /* Frameworks */ = {
			isa = PBXFrameworksBuildPhase;
			buildActionMask = 2147483647;
			files = (
			);
			runOnlyForDeploymentPostprocessing = 0;
		};
		54FCF8E92A9C49F1004CD2FE /* Frameworks */ = {
			isa = PBXFrameworksBuildPhase;
			buildActionMask = 2147483647;
			files = (
			);
			runOnlyForDeploymentPostprocessing = 0;
		};
/* End PBXFrameworksBuildPhase section */

/* Begin PBXGroup section */
		54C3E0432AA5C6E700AEB64F /* database */ = {
			isa = PBXGroup;
			children = (
				54C3E0442AA5C6F300AEB64F /* BookDB.swift */,
			);
			path = database;
			sourceTree = "<group>";
		};
		54C3E04F2AA855C900AEB64F /* responses */ = {
			isa = PBXGroup;
			children = (
				54C3E0502AA855D500AEB64F /* LoginResponse.swift */,
			);
			path = responses;
			sourceTree = "<group>";
		};
		54C3E0562AAAF97000AEB64F /* helper */ = {
			isa = PBXGroup;
			children = (
				54C3E0572AAAF98000AEB64F /* ImageHelper.swift */,
			);
			path = helper;
			sourceTree = "<group>";
		};
		54FCF8C92A9C49F0004CD2FE = {
			isa = PBXGroup;
			children = (
				54FCF8D42A9C49F0004CD2FE /* Bookstore */,
				54FCF8E52A9C49F1004CD2FE /* BookstoreTests */,
				54FCF8EF2A9C49F1004CD2FE /* BookstoreUITests */,
				54FCF8D32A9C49F0004CD2FE /* Products */,
			);
			sourceTree = "<group>";
		};
		54FCF8D32A9C49F0004CD2FE /* Products */ = {
			isa = PBXGroup;
			children = (
				54FCF8D22A9C49F0004CD2FE /* Bookstore.app */,
				54FCF8E22A9C49F1004CD2FE /* BookstoreTests.xctest */,
				54FCF8EC2A9C49F1004CD2FE /* BookstoreUITests.xctest */,
			);
			name = Products;
			sourceTree = "<group>";
		};
		54FCF8D42A9C49F0004CD2FE /* Bookstore */ = {
			isa = PBXGroup;
			children = (
				54C3E0562AAAF97000AEB64F /* helper */,
				54C3E04F2AA855C900AEB64F /* responses */,
				54C3E0432AA5C6E700AEB64F /* database */,
				54FCF91F2AA5B257004CD2FE /* extension */,
				54FCF91C2AA58457004CD2FE /* custom */,
				54FCF9132A9DD5B0004CD2FE /* interfaces */,
				54FCF9102A9DD55C004CD2FE /* repository */,
				54FCF90B2A9C9042004CD2FE /* data */,
				54FCF9022A9C57BC004CD2FE /* View */,
				54FCF8FF2A9C52BD004CD2FE /* ViewModel */,
				54FCF8D52A9C49F0004CD2FE /* BookstoreApp.swift */,
				54FCF8D92A9C49F1004CD2FE /* Assets.xcassets */,
				54FCF8DB2A9C49F1004CD2FE /* Preview Content */,
				54FCF9162A9DDEC7004CD2FE /* DependencyContainer.swift */,
			);
			path = Bookstore;
			sourceTree = "<group>";
		};
		54FCF8DB2A9C49F1004CD2FE /* Preview Content */ = {
			isa = PBXGroup;
			children = (
				54FCF8DC2A9C49F1004CD2FE /* Preview Assets.xcassets */,
			);
			path = "Preview Content";
			sourceTree = "<group>";
		};
		54FCF8E52A9C49F1004CD2FE /* BookstoreTests */ = {
			isa = PBXGroup;
			children = (
				54FCF8E62A9C49F1004CD2FE /* BookstoreTests.swift */,
			);
			path = BookstoreTests;
			sourceTree = "<group>";
		};
		54FCF8EF2A9C49F1004CD2FE /* BookstoreUITests */ = {
			isa = PBXGroup;
			children = (
				54FCF8F02A9C49F1004CD2FE /* BookstoreUITests.swift */,
				54FCF8F22A9C49F1004CD2FE /* BookstoreUITestsLaunchTests.swift */,
			);
			path = BookstoreUITests;
			sourceTree = "<group>";
		};
		54FCF8FF2A9C52BD004CD2FE /* ViewModel */ = {
			isa = PBXGroup;
			children = (
				54FCF9002A9C5352004CD2FE /* LoginViewModel.swift */,
				54FCF9072A9C83D3004CD2FE /* UserStateViewModel.swift */,
				54FCF90E2A9DD532004CD2FE /* BookInfoViewModel.swift */,
				54FCF9182A9E1906004CD2FE /* BooklistViewModel.swift */,
			);
			path = ViewModel;
			sourceTree = "<group>";
		};
		54FCF9022A9C57BC004CD2FE /* View */ = {
			isa = PBXGroup;
			children = (
				54FCF8D72A9C49F0004CD2FE /* LoginView.swift */,
				54FCF9032A9C74A1004CD2FE /* BooklistView.swift */,
				54FCF9052A9C76CB004CD2FE /* HomeView.swift */,
				54FCF9092A9C8FB1004CD2FE /* BookInfoView.swift */,
				54FCF91A2AA580BC004CD2FE /* CameraView.swift */,
				54C3E0542AA878FE00AEB64F /* NotificationView.swift */,
			);
			path = View;
			sourceTree = "<group>";
		};
		54FCF90B2A9C9042004CD2FE /* data */ = {
			isa = PBXGroup;
			children = (
				54FCF90C2A9C904E004CD2FE /* Book.swift */,
				54C3E0462AA5C78000AEB64F /* BookModel.xcdatamodeld */,
				54C3E04D2AA7394800AEB64F /* UserData.swift */,
				54C3E0522AA878A700AEB64F /* Notification.swift */,
			);
			path = data;
			sourceTree = "<group>";
		};
		54FCF9102A9DD55C004CD2FE /* repository */ = {
			isa = PBXGroup;
			children = (
				54FCF9112A9DD568004CD2FE /* BookRepository.swift */,
			);
			path = repository;
			sourceTree = "<group>";
		};
		54FCF9132A9DD5B0004CD2FE /* interfaces */ = {
			isa = PBXGroup;
			children = (
				54FCF9142A9DD5D3004CD2FE /* IBookRepository.swift */,
			);
			path = interfaces;
			sourceTree = "<group>";
		};
		54FCF91C2AA58457004CD2FE /* custom */ = {
			isa = PBXGroup;
			children = (
				54FCF91D2AA5846B004CD2FE /* Camera.swift */,
				54C3E0492AA6F8DD00AEB64F /* CustomPhotoPicker.swift */,
			);
			path = custom;
			sourceTree = "<group>";
		};
		54FCF91F2AA5B257004CD2FE /* extension */ = {
			isa = PBXGroup;
			children = (
				54FCF9202AA5B27D004CD2FE /* KeybaordExtension.swift */,
				54FCF9232AA5BAC4004CD2FE /* KeyboardAdaptiveView.swift */,
				54C3E04B2AA7256F00AEB64F /* KeyboardDismissEffect.swift */,
			);
			path = extension;
			sourceTree = "<group>";
		};
/* End PBXGroup section */

/* Begin PBXNativeTarget section */
		54FCF8D12A9C49F0004CD2FE /* Bookstore */ = {
			isa = PBXNativeTarget;
			buildConfigurationList = 54FCF8F62A9C49F1004CD2FE /* Build configuration list for PBXNativeTarget "Bookstore" */;
			buildPhases = (
				54FCF8CE2A9C49F0004CD2FE /* Sources */,
				54FCF8CF2A9C49F0004CD2FE /* Frameworks */,
				54FCF8D02A9C49F0004CD2FE /* Resources */,
			);
			buildRules = (
			);
			dependencies = (
			);
			name = Bookstore;
			productName = Bookstore;
			productReference = 54FCF8D22A9C49F0004CD2FE /* Bookstore.app */;
			productType = "com.apple.product-type.application";
		};
		54FCF8E12A9C49F1004CD2FE /* BookstoreTests */ = {
			isa = PBXNativeTarget;
			buildConfigurationList = 54FCF8F92A9C49F1004CD2FE /* Build configuration list for PBXNativeTarget "BookstoreTests" */;
			buildPhases = (
				54FCF8DE2A9C49F1004CD2FE /* Sources */,
				54FCF8DF2A9C49F1004CD2FE /* Frameworks */,
				54FCF8E02A9C49F1004CD2FE /* Resources */,
			);
			buildRules = (
			);
			dependencies = (
				54FCF8E42A9C49F1004CD2FE /* PBXTargetDependency */,
			);
			name = BookstoreTests;
			productName = BookstoreTests;
			productReference = 54FCF8E22A9C49F1004CD2FE /* BookstoreTests.xctest */;
			productType = "com.apple.product-type.bundle.unit-test";
		};
		54FCF8EB2A9C49F1004CD2FE /* BookstoreUITests */ = {
			isa = PBXNativeTarget;
			buildConfigurationList = 54FCF8FC2A9C49F1004CD2FE /* Build configuration list for PBXNativeTarget "BookstoreUITests" */;
			buildPhases = (
				54FCF8E82A9C49F1004CD2FE /* Sources */,
				54FCF8E92A9C49F1004CD2FE /* Frameworks */,
				54FCF8EA2A9C49F1004CD2FE /* Resources */,
			);
			buildRules = (
			);
			dependencies = (
				54FCF8EE2A9C49F1004CD2FE /* PBXTargetDependency */,
			);
			name = BookstoreUITests;
			productName = BookstoreUITests;
			productReference = 54FCF8EC2A9C49F1004CD2FE /* BookstoreUITests.xctest */;
			productType = "com.apple.product-type.bundle.ui-testing";
		};
/* End PBXNativeTarget section */

/* Begin PBXProject section */
		54FCF8CA2A9C49F0004CD2FE /* Project object */ = {
			isa = PBXProject;
			attributes = {
				BuildIndependentTargetsInParallel = 1;
				LastSwiftUpdateCheck = 1430;
				LastUpgradeCheck = 1430;
				TargetAttributes = {
					54FCF8D12A9C49F0004CD2FE = {
						CreatedOnToolsVersion = 14.3.1;
					};
					54FCF8E12A9C49F1004CD2FE = {
						CreatedOnToolsVersion = 14.3.1;
						TestTargetID = 54FCF8D12A9C49F0004CD2FE;
					};
					54FCF8EB2A9C49F1004CD2FE = {
						CreatedOnToolsVersion = 14.3.1;
						TestTargetID = 54FCF8D12A9C49F0004CD2FE;
					};
				};
			};
			buildConfigurationList = 54FCF8CD2A9C49F0004CD2FE /* Build configuration list for PBXProject "Bookstore" */;
			compatibilityVersion = "Xcode 14.0";
			developmentRegion = en;
			hasScannedForEncodings = 0;
			knownRegions = (
				en,
				Base,
			);
			mainGroup = 54FCF8C92A9C49F0004CD2FE;
			productRefGroup = 54FCF8D32A9C49F0004CD2FE /* Products */;
			projectDirPath = "";
			projectRoot = "";
			targets = (
				54FCF8D12A9C49F0004CD2FE /* Bookstore */,
				54FCF8E12A9C49F1004CD2FE /* BookstoreTests */,
				54FCF8EB2A9C49F1004CD2FE /* BookstoreUITests */,
			);
		};
/* End PBXProject section */

/* Begin PBXResourcesBuildPhase section */
		54FCF8D02A9C49F0004CD2FE /* Resources */ = {
			isa = PBXResourcesBuildPhase;
			buildActionMask = 2147483647;
			files = (
				54FCF8DD2A9C49F1004CD2FE /* Preview Assets.xcassets in Resources */,
				54FCF8DA2A9C49F1004CD2FE /* Assets.xcassets in Resources */,
			);
			runOnlyForDeploymentPostprocessing = 0;
		};
		54FCF8E02A9C49F1004CD2FE /* Resources */ = {
			isa = PBXResourcesBuildPhase;
			buildActionMask = 2147483647;
			files = (
			);
			runOnlyForDeploymentPostprocessing = 0;
		};
		54FCF8EA2A9C49F1004CD2FE /* Resources */ = {
			isa = PBXResourcesBuildPhase;
			buildActionMask = 2147483647;
			files = (
			);
			runOnlyForDeploymentPostprocessing = 0;
		};
/* End PBXResourcesBuildPhase section */

/* Begin PBXSourcesBuildPhase section */
		54FCF8CE2A9C49F0004CD2FE /* Sources */ = {
			isa = PBXSourcesBuildPhase;
			buildActionMask = 2147483647;
			files = (
				54FCF9212AA5B27D004CD2FE /* KeybaordExtension.swift in Sources */,
				54FCF9242AA5BAC4004CD2FE /* KeyboardAdaptiveView.swift in Sources */,
				54C3E0512AA855D500AEB64F /* LoginResponse.swift in Sources */,
				54C3E0482AA5C78000AEB64F /* BookModel.xcdatamodeld in Sources */,
				54FCF90D2A9C904E004CD2FE /* Book.swift in Sources */,
				54FCF91B2AA580BC004CD2FE /* CameraView.swift in Sources */,
				54FCF8D82A9C49F0004CD2FE /* LoginView.swift in Sources */,
				54FCF9122A9DD568004CD2FE /* BookRepository.swift in Sources */,
				54FCF9192A9E1906004CD2FE /* BooklistViewModel.swift in Sources */,
				54C3E0552AA878FE00AEB64F /* NotificationView.swift in Sources */,
				54FCF8D62A9C49F0004CD2FE /* BookstoreApp.swift in Sources */,
				54FCF90F2A9DD532004CD2FE /* BookInfoViewModel.swift in Sources */,
				54FCF9012A9C5352004CD2FE /* LoginViewModel.swift in Sources */,
				54FCF9082A9C83D3004CD2FE /* UserStateViewModel.swift in Sources */,
				54FCF9062A9C76CB004CD2FE /* HomeView.swift in Sources */,
				54C3E0452AA5C6F300AEB64F /* BookDB.swift in Sources */,
				54FCF9042A9C74A1004CD2FE /* BooklistView.swift in Sources */,
				54FCF91E2AA5846B004CD2FE /* Camera.swift in Sources */,
				54C3E04E2AA7394800AEB64F /* UserData.swift in Sources */,
				54FCF9152A9DD5D3004CD2FE /* IBookRepository.swift in Sources */,
				54C3E04C2AA7256F00AEB64F /* KeyboardDismissEffect.swift in Sources */,
				54C3E0582AAAF98000AEB64F /* ImageHelper.swift in Sources */,
				54C3E0532AA878A700AEB64F /* Notification.swift in Sources */,
				54C3E04A2AA6F8DD00AEB64F /* CustomPhotoPicker.swift in Sources */,
				54FCF9172A9DDEC7004CD2FE /* DependencyContainer.swift in Sources */,
				54FCF90A2A9C8FB1004CD2FE /* BookInfoView.swift in Sources */,
			);
			runOnlyForDeploymentPostprocessing = 0;
		};
		54FCF8DE2A9C49F1004CD2FE /* Sources */ = {
			isa = PBXSourcesBuildPhase;
			buildActionMask = 2147483647;
			files = (
				54FCF8E72A9C49F1004CD2FE /* BookstoreTests.swift in Sources */,
			);
			runOnlyForDeploymentPostprocessing = 0;
		};
		54FCF8E82A9C49F1004CD2FE /* Sources */ = {
			isa = PBXSourcesBuildPhase;
			buildActionMask = 2147483647;
			files = (
				54FCF8F12A9C49F1004CD2FE /* BookstoreUITests.swift in Sources */,
				54FCF8F32A9C49F1004CD2FE /* BookstoreUITestsLaunchTests.swift in Sources */,
			);
			runOnlyForDeploymentPostprocessing = 0;
		};
/* End PBXSourcesBuildPhase section */

/* Begin PBXTargetDependency section */
		54FCF8E42A9C49F1004CD2FE /* PBXTargetDependency */ = {
			isa = PBXTargetDependency;
			target = 54FCF8D12A9C49F0004CD2FE /* Bookstore */;
			targetProxy = 54FCF8E32A9C49F1004CD2FE /* PBXContainerItemProxy */;
		};
		54FCF8EE2A9C49F1004CD2FE /* PBXTargetDependency */ = {
			isa = PBXTargetDependency;
			target = 54FCF8D12A9C49F0004CD2FE /* Bookstore */;
			targetProxy = 54FCF8ED2A9C49F1004CD2FE /* PBXContainerItemProxy */;
		};
/* End PBXTargetDependency section */

/* Begin XCBuildConfiguration section */
		54FCF8F42A9C49F1004CD2FE /* Debug */ = {
			isa = XCBuildConfiguration;
			buildSettings = {
				ALWAYS_SEARCH_USER_PATHS = NO;
				CLANG_ANALYZER_NONNULL = YES;
				CLANG_ANALYZER_NUMBER_OBJECT_CONVERSION = YES_AGGRESSIVE;
				CLANG_CXX_LANGUAGE_STANDARD = "gnu++20";
				CLANG_ENABLE_MODULES = YES;
				CLANG_ENABLE_OBJC_ARC = YES;
				CLANG_ENABLE_OBJC_WEAK = YES;
				CLANG_WARN_BLOCK_CAPTURE_AUTORELEASING = YES;
				CLANG_WARN_BOOL_CONVERSION = YES;
				CLANG_WARN_COMMA = YES;
				CLANG_WARN_CONSTANT_CONVERSION = YES;
				CLANG_WARN_DEPRECATED_OBJC_IMPLEMENTATIONS = YES;
				CLANG_WARN_DIRECT_OBJC_ISA_USAGE = YES_ERROR;
				CLANG_WARN_DOCUMENTATION_COMMENTS = YES;
				CLANG_WARN_EMPTY_BODY = YES;
				CLANG_WARN_ENUM_CONVERSION = YES;
				CLANG_WARN_INFINITE_RECURSION = YES;
				CLANG_WARN_INT_CONVERSION = YES;
				CLANG_WARN_NON_LITERAL_NULL_CONVERSION = YES;
				CLANG_WARN_OBJC_IMPLICIT_RETAIN_SELF = YES;
				CLANG_WARN_OBJC_LITERAL_CONVERSION = YES;
				CLANG_WARN_OBJC_ROOT_CLASS = YES_ERROR;
				CLANG_WARN_QUOTED_INCLUDE_IN_FRAMEWORK_HEADER = YES;
				CLANG_WARN_RANGE_LOOP_ANALYSIS = YES;
				CLANG_WARN_STRICT_PROTOTYPES = YES;
				CLANG_WARN_SUSPICIOUS_MOVE = YES;
				CLANG_WARN_UNGUARDED_AVAILABILITY = YES_AGGRESSIVE;
				CLANG_WARN_UNREACHABLE_CODE = YES;
				CLANG_WARN__DUPLICATE_METHOD_MATCH = YES;
				COPY_PHASE_STRIP = NO;
				DEBUG_INFORMATION_FORMAT = dwarf;
				ENABLE_STRICT_OBJC_MSGSEND = YES;
				ENABLE_TESTABILITY = YES;
				GCC_C_LANGUAGE_STANDARD = gnu11;
				GCC_DYNAMIC_NO_PIC = NO;
				GCC_NO_COMMON_BLOCKS = YES;
				GCC_OPTIMIZATION_LEVEL = 0;
				GCC_PREPROCESSOR_DEFINITIONS = (
					"DEBUG=1",
					"$(inherited)",
				);
				GCC_WARN_64_TO_32_BIT_CONVERSION = YES;
				GCC_WARN_ABOUT_RETURN_TYPE = YES_ERROR;
				GCC_WARN_UNDECLARED_SELECTOR = YES;
				GCC_WARN_UNINITIALIZED_AUTOS = YES_AGGRESSIVE;
				GCC_WARN_UNUSED_FUNCTION = YES;
				GCC_WARN_UNUSED_VARIABLE = YES;
				IPHONEOS_DEPLOYMENT_TARGET = 16.4;
				MTL_ENABLE_DEBUG_INFO = INCLUDE_SOURCE;
				MTL_FAST_MATH = YES;
				ONLY_ACTIVE_ARCH = YES;
				SDKROOT = iphoneos;
				SWIFT_ACTIVE_COMPILATION_CONDITIONS = DEBUG;
				SWIFT_OPTIMIZATION_LEVEL = "-Onone";
			};
			name = Debug;
		};
		54FCF8F52A9C49F1004CD2FE /* Release */ = {
			isa = XCBuildConfiguration;
			buildSettings = {
				ALWAYS_SEARCH_USER_PATHS = NO;
				CLANG_ANALYZER_NONNULL = YES;
				CLANG_ANALYZER_NUMBER_OBJECT_CONVERSION = YES_AGGRESSIVE;
				CLANG_CXX_LANGUAGE_STANDARD = "gnu++20";
				CLANG_ENABLE_MODULES = YES;
				CLANG_ENABLE_OBJC_ARC = YES;
				CLANG_ENABLE_OBJC_WEAK = YES;
				CLANG_WARN_BLOCK_CAPTURE_AUTORELEASING = YES;
				CLANG_WARN_BOOL_CONVERSION = YES;
				CLANG_WARN_COMMA = YES;
				CLANG_WARN_CONSTANT_CONVERSION = YES;
				CLANG_WARN_DEPRECATED_OBJC_IMPLEMENTATIONS = YES;
				CLANG_WARN_DIRECT_OBJC_ISA_USAGE = YES_ERROR;
				CLANG_WARN_DOCUMENTATION_COMMENTS = YES;
				CLANG_WARN_EMPTY_BODY = YES;
				CLANG_WARN_ENUM_CONVERSION = YES;
				CLANG_WARN_INFINITE_RECURSION = YES;
				CLANG_WARN_INT_CONVERSION = YES;
				CLANG_WARN_NON_LITERAL_NULL_CONVERSION = YES;
				CLANG_WARN_OBJC_IMPLICIT_RETAIN_SELF = YES;
				CLANG_WARN_OBJC_LITERAL_CONVERSION = YES;
				CLANG_WARN_OBJC_ROOT_CLASS = YES_ERROR;
				CLANG_WARN_QUOTED_INCLUDE_IN_FRAMEWORK_HEADER = YES;
				CLANG_WARN_RANGE_LOOP_ANALYSIS = YES;
				CLANG_WARN_STRICT_PROTOTYPES = YES;
				CLANG_WARN_SUSPICIOUS_MOVE = YES;
				CLANG_WARN_UNGUARDED_AVAILABILITY = YES_AGGRESSIVE;
				CLANG_WARN_UNREACHABLE_CODE = YES;
				CLANG_WARN__DUPLICATE_METHOD_MATCH = YES;
				COPY_PHASE_STRIP = NO;
				DEBUG_INFORMATION_FORMAT = "dwarf-with-dsym";
				ENABLE_NS_ASSERTIONS = NO;
				ENABLE_STRICT_OBJC_MSGSEND = YES;
				GCC_C_LANGUAGE_STANDARD = gnu11;
				GCC_NO_COMMON_BLOCKS = YES;
				GCC_WARN_64_TO_32_BIT_CONVERSION = YES;
				GCC_WARN_ABOUT_RETURN_TYPE = YES_ERROR;
				GCC_WARN_UNDECLARED_SELECTOR = YES;
				GCC_WARN_UNINITIALIZED_AUTOS = YES_AGGRESSIVE;
				GCC_WARN_UNUSED_FUNCTION = YES;
				GCC_WARN_UNUSED_VARIABLE = YES;
				IPHONEOS_DEPLOYMENT_TARGET = 16.4;
				MTL_ENABLE_DEBUG_INFO = NO;
				MTL_FAST_MATH = YES;
				SDKROOT = iphoneos;
				SWIFT_COMPILATION_MODE = wholemodule;
				SWIFT_OPTIMIZATION_LEVEL = "-O";
				VALIDATE_PRODUCT = YES;
			};
			name = Release;
		};
		54FCF8F72A9C49F1004CD2FE /* Debug */ = {
			isa = XCBuildConfiguration;
			buildSettings = {
				ASSETCATALOG_COMPILER_APPICON_NAME = AppIcon;
				ASSETCATALOG_COMPILER_GLOBAL_ACCENT_COLOR_NAME = AccentColor;
				CODE_SIGN_STYLE = Automatic;
				CURRENT_PROJECT_VERSION = 1;
				DEVELOPMENT_ASSET_PATHS = "\"Bookstore/Preview Content\"";
				DEVELOPMENT_TEAM = BRG2Q6K3HF;
				ENABLE_PREVIEWS = YES;
				GENERATE_INFOPLIST_FILE = YES;
				INFOPLIST_KEY_NSCameraUsageDescription = "Allow this app to access your camera for image capturing";
				INFOPLIST_KEY_UIApplicationSceneManifest_Generation = YES;
				INFOPLIST_KEY_UIApplicationSupportsIndirectInputEvents = YES;
				INFOPLIST_KEY_UILaunchScreen_Generation = YES;
				INFOPLIST_KEY_UISupportedInterfaceOrientations_iPad = "UIInterfaceOrientationPortrait UIInterfaceOrientationPortraitUpsideDown UIInterfaceOrientationLandscapeLeft UIInterfaceOrientationLandscapeRight";
				INFOPLIST_KEY_UISupportedInterfaceOrientations_iPhone = "UIInterfaceOrientationPortrait UIInterfaceOrientationLandscapeLeft UIInterfaceOrientationLandscapeRight";
				IPHONEOS_DEPLOYMENT_TARGET = 16.1;
				LD_RUNPATH_SEARCH_PATHS = (
					"$(inherited)",
					"@executable_path/Frameworks",
				);
				MARKETING_VERSION = 1.0;
				PRODUCT_BUNDLE_IDENTIFIER = softspace.demo.bookstore;
				PRODUCT_NAME = "$(TARGET_NAME)";
				SWIFT_EMIT_LOC_STRINGS = YES;
				SWIFT_VERSION = 5.0;
				TARGETED_DEVICE_FAMILY = "1,2";
			};
			name = Debug;
		};
		54FCF8F82A9C49F1004CD2FE /* Release */ = {
			isa = XCBuildConfiguration;
			buildSettings = {
				ASSETCATALOG_COMPILER_APPICON_NAME = AppIcon;
				ASSETCATALOG_COMPILER_GLOBAL_ACCENT_COLOR_NAME = AccentColor;
				CODE_SIGN_STYLE = Automatic;
				CURRENT_PROJECT_VERSION = 1;
				DEVELOPMENT_ASSET_PATHS = "\"Bookstore/Preview Content\"";
				DEVELOPMENT_TEAM = BRG2Q6K3HF;
				ENABLE_PREVIEWS = YES;
				GENERATE_INFOPLIST_FILE = YES;
				INFOPLIST_KEY_NSCameraUsageDescription = "Allow this app to access your camera for image capturing";
				INFOPLIST_KEY_UIApplicationSceneManifest_Generation = YES;
				INFOPLIST_KEY_UIApplicationSupportsIndirectInputEvents = YES;
				INFOPLIST_KEY_UILaunchScreen_Generation = YES;
				INFOPLIST_KEY_UISupportedInterfaceOrientations_iPad = "UIInterfaceOrientationPortrait UIInterfaceOrientationPortraitUpsideDown UIInterfaceOrientationLandscapeLeft UIInterfaceOrientationLandscapeRight";
				INFOPLIST_KEY_UISupportedInterfaceOrientations_iPhone = "UIInterfaceOrientationPortrait UIInterfaceOrientationLandscapeLeft UIInterfaceOrientationLandscapeRight";
				IPHONEOS_DEPLOYMENT_TARGET = 16.1;
				LD_RUNPATH_SEARCH_PATHS = (
					"$(inherited)",
					"@executable_path/Frameworks",
				);
				MARKETING_VERSION = 1.0;
				PRODUCT_BUNDLE_IDENTIFIER = softspace.demo.bookstore;
				PRODUCT_NAME = "$(TARGET_NAME)";
				SWIFT_EMIT_LOC_STRINGS = YES;
				SWIFT_VERSION = 5.0;
				TARGETED_DEVICE_FAMILY = "1,2";
			};
			name = Release;
		};
		54FCF8FA2A9C49F1004CD2FE /* Debug */ = {
			isa = XCBuildConfiguration;
			buildSettings = {
				ALWAYS_EMBED_SWIFT_STANDARD_LIBRARIES = YES;
				BUNDLE_LOADER = "$(TEST_HOST)";
				CODE_SIGN_STYLE = Automatic;
				CURRENT_PROJECT_VERSION = 1;
				GENERATE_INFOPLIST_FILE = YES;
				IPHONEOS_DEPLOYMENT_TARGET = 16.4;
				MARKETING_VERSION = 1.0;
				PRODUCT_BUNDLE_IDENTIFIER = softspace.BookstoreTests;
				PRODUCT_NAME = "$(TARGET_NAME)";
				SWIFT_EMIT_LOC_STRINGS = NO;
				SWIFT_VERSION = 5.0;
				TARGETED_DEVICE_FAMILY = "1,2";
				TEST_HOST = "$(BUILT_PRODUCTS_DIR)/Bookstore.app/$(BUNDLE_EXECUTABLE_FOLDER_PATH)/Bookstore";
			};
			name = Debug;
		};
		54FCF8FB2A9C49F1004CD2FE /* Release */ = {
			isa = XCBuildConfiguration;
			buildSettings = {
				ALWAYS_EMBED_SWIFT_STANDARD_LIBRARIES = YES;
				BUNDLE_LOADER = "$(TEST_HOST)";
				CODE_SIGN_STYLE = Automatic;
				CURRENT_PROJECT_VERSION = 1;
				GENERATE_INFOPLIST_FILE = YES;
				IPHONEOS_DEPLOYMENT_TARGET = 16.4;
				MARKETING_VERSION = 1.0;
				PRODUCT_BUNDLE_IDENTIFIER = softspace.BookstoreTests;
				PRODUCT_NAME = "$(TARGET_NAME)";
				SWIFT_EMIT_LOC_STRINGS = NO;
				SWIFT_VERSION = 5.0;
				TARGETED_DEVICE_FAMILY = "1,2";
				TEST_HOST = "$(BUILT_PRODUCTS_DIR)/Bookstore.app/$(BUNDLE_EXECUTABLE_FOLDER_PATH)/Bookstore";
			};
			name = Release;
		};
		54FCF8FD2A9C49F1004CD2FE /* Debug */ = {
			isa = XCBuildConfiguration;
			buildSettings = {
				ALWAYS_EMBED_SWIFT_STANDARD_LIBRARIES = YES;
				CODE_SIGN_STYLE = Automatic;
				CURRENT_PROJECT_VERSION = 1;
				GENERATE_INFOPLIST_FILE = YES;
				MARKETING_VERSION = 1.0;
				PRODUCT_BUNDLE_IDENTIFIER = softspace.BookstoreUITests;
				PRODUCT_NAME = "$(TARGET_NAME)";
				SWIFT_EMIT_LOC_STRINGS = NO;
				SWIFT_VERSION = 5.0;
				TARGETED_DEVICE_FAMILY = "1,2";
				TEST_TARGET_NAME = Bookstore;
			};
			name = Debug;
		};
		54FCF8FE2A9C49F1004CD2FE /* Release */ = {
			isa = XCBuildConfiguration;
			buildSettings = {
				ALWAYS_EMBED_SWIFT_STANDARD_LIBRARIES = YES;
				CODE_SIGN_STYLE = Automatic;
				CURRENT_PROJECT_VERSION = 1;
				GENERATE_INFOPLIST_FILE = YES;
				MARKETING_VERSION = 1.0;
				PRODUCT_BUNDLE_IDENTIFIER = softspace.BookstoreUITests;
				PRODUCT_NAME = "$(TARGET_NAME)";
				SWIFT_EMIT_LOC_STRINGS = NO;
				SWIFT_VERSION = 5.0;
				TARGETED_DEVICE_FAMILY = "1,2";
				TEST_TARGET_NAME = Bookstore;
			};
			name = Release;
		};
/* End XCBuildConfiguration section */

/* Begin XCConfigurationList section */
		54FCF8CD2A9C49F0004CD2FE /* Build configuration list for PBXProject "Bookstore" */ = {
			isa = XCConfigurationList;
			buildConfigurations = (
				54FCF8F42A9C49F1004CD2FE /* Debug */,
				54FCF8F52A9C49F1004CD2FE /* Release */,
			);
			defaultConfigurationIsVisible = 0;
			defaultConfigurationName = Release;
		};
		54FCF8F62A9C49F1004CD2FE /* Build configuration list for PBXNativeTarget "Bookstore" */ = {
			isa = XCConfigurationList;
			buildConfigurations = (
				54FCF8F72A9C49F1004CD2FE /* Debug */,
				54FCF8F82A9C49F1004CD2FE /* Release */,
			);
			defaultConfigurationIsVisible = 0;
			defaultConfigurationName = Release;
		};
		54FCF8F92A9C49F1004CD2FE /* Build configuration list for PBXNativeTarget "BookstoreTests" */ = {
			isa = XCConfigurationList;
			buildConfigurations = (
				54FCF8FA2A9C49F1004CD2FE /* Debug */,
				54FCF8FB2A9C49F1004CD2FE /* Release */,
			);
			defaultConfigurationIsVisible = 0;
			defaultConfigurationName = Release;
		};
		54FCF8FC2A9C49F1004CD2FE /* Build configuration list for PBXNativeTarget "BookstoreUITests" */ = {
			isa = XCConfigurationList;
			buildConfigurations = (
				54FCF8FD2A9C49F1004CD2FE /* Debug */,
				54FCF8FE2A9C49F1004CD2FE /* Release */,
			);
			defaultConfigurationIsVisible = 0;
			defaultConfigurationName = Release;
		};
/* End XCConfigurationList section */

/* Begin XCVersionGroup section */
		54C3E0462AA5C78000AEB64F /* BookModel.xcdatamodeld */ = {
			isa = XCVersionGroup;
			children = (
				54C3E0472AA5C78000AEB64F /* BookModel.xcdatamodel */,
			);
			currentVersion = 54C3E0472AA5C78000AEB64F /* BookModel.xcdatamodel */;
			path = BookModel.xcdatamodeld;
			sourceTree = "<group>";
			versionGroupType = wrapper.xcdatamodel;
		};
/* End XCVersionGroup section */
	};
	rootObject = 54FCF8CA2A9C49F0004CD2FE /* Project object */;
}
